{
  "name": "ihp-documentation-search",
  "version": "1.0.0",
  "lockfileVersion": 2,
  "requires": true,
  "packages": {
    "": {
      "name": "ihp-documentation-search",
      "version": "1.0.0",
      "license": "ISC",
      "dependencies": {
        "@docsearch/css": "^3.0.0-alpha.40",
        "@docsearch/react": "^3.0.0-alpha.40",
        "esbuild": "^0.25.0",
        "react": "^17.0.2",
        "react-dom": "^17.0.2"
      }
    },
    "node_modules/@algolia/autocomplete-core": {
      "version": "1.2.2",
      "resolved": "https://registry.npmjs.org/@algolia/autocomplete-core/-/autocomplete-core-1.2.2.tgz",
      "integrity": "sha512-JOQaURze45qVa8OOFDh+ozj2a/ObSRsVyz6Zd0aiBeej+RSTqrr1hDVpGNbbXYLW26G5ujuc9QIdH+rBHn95nw==",
      "dependencies": {
        "@algolia/autocomplete-shared": "1.2.2"
      }
    },
    "node_modules/@algolia/autocomplete-preset-algolia": {
      "version": "1.2.2",
      "resolved": "https://registry.npmjs.org/@algolia/autocomplete-preset-algolia/-/autocomplete-preset-algolia-1.2.2.tgz",
      "integrity": "sha512-AZkh+bAMaJDzMZTelFOXJTJqkp5VPGH8W3n0B+Ggce7DdozlMRsDLguKTCQAkZ0dJ1EbBPyFL5ztL/JImB137Q==",
      "dependencies": {
        "@algolia/autocomplete-shared": "1.2.2"
      },
      "peerDependencies": {
        "@algolia/client-search": "^4.9.1",
        "algoliasearch": "^4.9.1"
      }
    },
    "node_modules/@algolia/autocomplete-shared": {
      "version": "1.2.2",
      "resolved": "https://registry.npmjs.org/@algolia/autocomplete-shared/-/autocomplete-shared-1.2.2.tgz",
      "integrity": "sha512-mLTl7d2C1xVVazHt/bqh9EE/u2lbp5YOxLDdcjILXmUqOs5HH1D4SuySblXaQG1uf28FhTqMGp35qE5wJQnqAw=="
    },
    "node_modules/@algolia/cache-browser-local-storage": {
      "version": "4.10.5",
      "resolved": "https://registry.npmjs.org/@algolia/cache-browser-local-storage/-/cache-browser-local-storage-4.10.5.tgz",
      "integrity": "sha512-cfX2rEKOtuuljcGI5DMDHClwZHdDqd2nT2Ohsc8aHtBiz6bUxKVyIqxr2gaC6tU8AgPtrTVBzcxCA+UavXpKww==",
      "dependencies": {
        "@algolia/cache-common": "4.10.5"
      }
    },
    "node_modules/@algolia/cache-common": {
      "version": "4.10.5",
      "resolved": "https://registry.npmjs.org/@algolia/cache-common/-/cache-common-4.10.5.tgz",
      "integrity": "sha512-1mClwdmTHll+OnHkG+yeRoFM17kSxDs4qXkjf6rNZhoZGXDvfYLy3YcZ1FX4Kyz0DJv8aroq5RYGBDsWkHj6Tw=="
    },
    "node_modules/@algolia/cache-in-memory": {
      "version": "4.10.5",
      "resolved": "https://registry.npmjs.org/@algolia/cache-in-memory/-/cache-in-memory-4.10.5.tgz",
      "integrity": "sha512-+ciQnfIGi5wjMk02XhEY8fmy2pzy+oY1nIIfu8LBOglaSipCRAtjk6WhHc7/KIbXPiYzIwuDbM2K1+YOwSGjwA==",
      "dependencies": {
        "@algolia/cache-common": "4.10.5"
      }
    },
    "node_modules/@algolia/client-account": {
      "version": "4.10.5",
      "resolved": "https://registry.npmjs.org/@algolia/client-account/-/client-account-4.10.5.tgz",
      "integrity": "sha512-I9UkSS2glXm7RBZYZIALjBMmXSQbw/fI/djPcBHxiwXIheNIlqIFl2SNPkvihpPF979BSkzjqdJNRPhE1vku3Q==",
      "dependencies": {
        "@algolia/client-common": "4.10.5",
        "@algolia/client-search": "4.10.5",
        "@algolia/transporter": "4.10.5"
      }
    },
    "node_modules/@algolia/client-analytics": {
      "version": "4.10.5",
      "resolved": "https://registry.npmjs.org/@algolia/client-analytics/-/client-analytics-4.10.5.tgz",
      "integrity": "sha512-h2owwJSkovPxzc+xIsjY1pMl0gj+jdVwP9rcnGjlaTY2fqHbSLrR9yvGyyr6305LvTppxsQnfAbRdE/5Z3eFxw==",
      "dependencies": {
        "@algolia/client-common": "4.10.5",
        "@algolia/client-search": "4.10.5",
        "@algolia/requester-common": "4.10.5",
        "@algolia/transporter": "4.10.5"
      }
    },
    "node_modules/@algolia/client-common": {
      "version": "4.10.5",
      "resolved": "https://registry.npmjs.org/@algolia/client-common/-/client-common-4.10.5.tgz",
      "integrity": "sha512-21FAvIai5qm8DVmZHm2Gp4LssQ/a0nWwMchAx+1hIRj1TX7OcdW6oZDPyZ8asQdvTtK7rStQrRnD8a95SCUnzA==",
      "dependencies": {
        "@algolia/requester-common": "4.10.5",
        "@algolia/transporter": "4.10.5"
      }
    },
    "node_modules/@algolia/client-personalization": {
      "version": "4.10.5",
      "resolved": "https://registry.npmjs.org/@algolia/client-personalization/-/client-personalization-4.10.5.tgz",
      "integrity": "sha512-nH+IyFKBi8tCyzGOanJTbXC5t4dspSovX3+ABfmwKWUYllYzmiQNFUadpb3qo+MLA3jFx5IwBesjneN6dD5o3w==",
      "dependencies": {
        "@algolia/client-common": "4.10.5",
        "@algolia/requester-common": "4.10.5",
        "@algolia/transporter": "4.10.5"
      }
    },
    "node_modules/@algolia/client-search": {
      "version": "4.10.5",
      "resolved": "https://registry.npmjs.org/@algolia/client-search/-/client-search-4.10.5.tgz",
      "integrity": "sha512-1eQFMz9uodrc5OM+9HeT+hHcfR1E1AsgFWXwyJ9Q3xejA2c1c4eObGgOgC9ZoshuHHdptaTN1m3rexqAxXRDBg==",
      "dependencies": {
        "@algolia/client-common": "4.10.5",
        "@algolia/requester-common": "4.10.5",
        "@algolia/transporter": "4.10.5"
      }
    },
    "node_modules/@algolia/logger-common": {
      "version": "4.10.5",
      "resolved": "https://registry.npmjs.org/@algolia/logger-common/-/logger-common-4.10.5.tgz",
      "integrity": "sha512-gRJo9zt1UYP4k3woEmZm4iuEBIQd/FrArIsjzsL/b+ihNoOqIxZKTSuGFU4UUZOEhvmxDReiA4gzvQXG+TMTmA=="
    },
    "node_modules/@algolia/logger-console": {
      "version": "4.10.5",
      "resolved": "https://registry.npmjs.org/@algolia/logger-console/-/logger-console-4.10.5.tgz",
      "integrity": "sha512-4WfIbn4253EDU12u9UiYvz+QTvAXDv39mKNg9xSoMCjKE5szcQxfcSczw2byc6pYhahOJ9PmxPBfs1doqsdTKQ==",
      "dependencies": {
        "@algolia/logger-common": "4.10.5"
      }
    },
    "node_modules/@algolia/requester-browser-xhr": {
      "version": "4.10.5",
      "resolved": "https://registry.npmjs.org/@algolia/requester-browser-xhr/-/requester-browser-xhr-4.10.5.tgz",
      "integrity": "sha512-53/MURQEqtK+bGdfq4ITSPwTh5hnADU99qzvpAINGQveUFNSFGERipJxHjTJjIrjFz3vxj5kKwjtxDnU6ygO9g==",
      "dependencies": {
        "@algolia/requester-common": "4.10.5"
      }
    },
    "node_modules/@algolia/requester-common": {
      "version": "4.10.5",
      "resolved": "https://registry.npmjs.org/@algolia/requester-common/-/requester-common-4.10.5.tgz",
      "integrity": "sha512-UkVa1Oyuj6NPiAEt5ZvrbVopEv1m/mKqjs40KLB+dvfZnNcj+9Fry4Oxnt15HMy/HLORXsx4UwcthAvBuOXE9Q=="
    },
    "node_modules/@algolia/requester-node-http": {
      "version": "4.10.5",
      "resolved": "https://registry.npmjs.org/@algolia/requester-node-http/-/requester-node-http-4.10.5.tgz",
      "integrity": "sha512-aNEKVKXL4fiiC+bS7yJwAHdxln81ieBwY3tsMCtM4zF9f5KwCzY2OtN4WKEZa5AAADVcghSAUdyjs4AcGUlO5w==",
      "dependencies": {
        "@algolia/requester-common": "4.10.5"
      }
    },
    "node_modules/@algolia/transporter": {
      "version": "4.10.5",
      "resolved": "https://registry.npmjs.org/@algolia/transporter/-/transporter-4.10.5.tgz",
      "integrity": "sha512-F8DLkmIlvCoMwSCZA3FKHtmdjH3o5clbt0pi2ktFStVNpC6ZDmY307HcK619bKP5xW6h8sVJhcvrLB775D2cyA==",
      "dependencies": {
        "@algolia/cache-common": "4.10.5",
        "@algolia/logger-common": "4.10.5",
        "@algolia/requester-common": "4.10.5"
      }
    },
    "node_modules/@docsearch/css": {
      "version": "3.0.0-alpha.40",
      "resolved": "https://registry.npmjs.org/@docsearch/css/-/css-3.0.0-alpha.40.tgz",
      "integrity": "sha512-PrOTPgJMl+Iji1zOH0+J0PEDMriJ1teGxbgll7o4h8JrvJW6sJGqQw7/bLW7enWiFaxbJMK76w1yyPNLFHV7Qg=="
    },
    "node_modules/@docsearch/react": {
      "version": "3.0.0-alpha.40",
      "resolved": "https://registry.npmjs.org/@docsearch/react/-/react-3.0.0-alpha.40.tgz",
      "integrity": "sha512-aKxnu7sgpP1R7jtgOV/pZdJEHXx6Ts+jnS9U/ejSUS2BMUpwQI5SA3oLs1BA5TA9kIViJ5E+rrjh0VsbcsJ6sQ==",
      "dependencies": {
        "@algolia/autocomplete-core": "1.2.2",
        "@algolia/autocomplete-preset-algolia": "1.2.2",
        "@docsearch/css": "3.0.0-alpha.40",
        "algoliasearch": "^4.0.0"
      },
      "peerDependencies": {
        "@types/react": ">= 16.8.0 < 18.0.0",
        "react": ">= 16.8.0 < 18.0.0",
        "react-dom": ">= 16.8.0 < 18.0.0"
      }
    },
    "node_modules/@esbuild/aix-ppc64": {
      "version": "0.25.0",
      "resolved": "https://registry.npmjs.org/@esbuild/aix-ppc64/-/aix-ppc64-0.25.0.tgz",
      "integrity": "sha512-O7vun9Sf8DFjH2UtqK8Ku3LkquL9SZL8OLY1T5NZkA34+wG3OQF7cl4Ql8vdNzM6fzBbYfLaiRLIOZ+2FOCgBQ==",
      "cpu": [
        "ppc64"
      ],
      "license": "MIT",
      "optional": true,
      "os": [
        "aix"
      ],
      "engines": {
        "node": ">=18"
      }
    },
    "node_modules/@esbuild/android-arm": {
      "version": "0.25.0",
      "resolved": "https://registry.npmjs.org/@esbuild/android-arm/-/android-arm-0.25.0.tgz",
      "integrity": "sha512-PTyWCYYiU0+1eJKmw21lWtC+d08JDZPQ5g+kFyxP0V+es6VPPSUhM6zk8iImp2jbV6GwjX4pap0JFbUQN65X1g==",
      "cpu": [
        "arm"
      ],
      "license": "MIT",
      "optional": true,
      "os": [
        "android"
      ],
      "engines": {
        "node": ">=18"
      }
    },
    "node_modules/@esbuild/android-arm64": {
      "version": "0.25.0",
      "resolved": "https://registry.npmjs.org/@esbuild/android-arm64/-/android-arm64-0.25.0.tgz",
      "integrity": "sha512-grvv8WncGjDSyUBjN9yHXNt+cq0snxXbDxy5pJtzMKGmmpPxeAmAhWxXI+01lU5rwZomDgD3kJwulEnhTRUd6g==",
      "cpu": [
        "arm64"
      ],
      "license": "MIT",
      "optional": true,
      "os": [
        "android"
      ],
      "engines": {
        "node": ">=18"
      }
    },
    "node_modules/@esbuild/android-x64": {
      "version": "0.25.0",
      "resolved": "https://registry.npmjs.org/@esbuild/android-x64/-/android-x64-0.25.0.tgz",
      "integrity": "sha512-m/ix7SfKG5buCnxasr52+LI78SQ+wgdENi9CqyCXwjVR2X4Jkz+BpC3le3AoBPYTC9NHklwngVXvbJ9/Akhrfg==",
      "cpu": [
        "x64"
      ],
      "license": "MIT",
      "optional": true,
      "os": [
        "android"
      ],
      "engines": {
        "node": ">=18"
      }
    },
    "node_modules/@esbuild/darwin-arm64": {
      "version": "0.25.0",
      "resolved": "https://registry.npmjs.org/@esbuild/darwin-arm64/-/darwin-arm64-0.25.0.tgz",
      "integrity": "sha512-mVwdUb5SRkPayVadIOI78K7aAnPamoeFR2bT5nszFUZ9P8UpK4ratOdYbZZXYSqPKMHfS1wdHCJk1P1EZpRdvw==",
      "cpu": [
        "arm64"
      ],
      "license": "MIT",
      "optional": true,
      "os": [
        "darwin"
      ],
      "engines": {
        "node": ">=18"
      }
    },
    "node_modules/@esbuild/darwin-x64": {
      "version": "0.25.0",
      "resolved": "https://registry.npmjs.org/@esbuild/darwin-x64/-/darwin-x64-0.25.0.tgz",
      "integrity": "sha512-DgDaYsPWFTS4S3nWpFcMn/33ZZwAAeAFKNHNa1QN0rI4pUjgqf0f7ONmXf6d22tqTY+H9FNdgeaAa+YIFUn2Rg==",
      "cpu": [
        "x64"
      ],
      "license": "MIT",
      "optional": true,
      "os": [
        "darwin"
      ],
      "engines": {
        "node": ">=18"
      }
    },
    "node_modules/@esbuild/freebsd-arm64": {
      "version": "0.25.0",
      "resolved": "https://registry.npmjs.org/@esbuild/freebsd-arm64/-/freebsd-arm64-0.25.0.tgz",
      "integrity": "sha512-VN4ocxy6dxefN1MepBx/iD1dH5K8qNtNe227I0mnTRjry8tj5MRk4zprLEdG8WPyAPb93/e4pSgi1SoHdgOa4w==",
      "cpu": [
        "arm64"
      ],
      "license": "MIT",
      "optional": true,
      "os": [
        "freebsd"
      ],
      "engines": {
        "node": ">=18"
      }
    },
    "node_modules/@esbuild/freebsd-x64": {
      "version": "0.25.0",
      "resolved": "https://registry.npmjs.org/@esbuild/freebsd-x64/-/freebsd-x64-0.25.0.tgz",
      "integrity": "sha512-mrSgt7lCh07FY+hDD1TxiTyIHyttn6vnjesnPoVDNmDfOmggTLXRv8Id5fNZey1gl/V2dyVK1VXXqVsQIiAk+A==",
      "cpu": [
        "x64"
      ],
      "license": "MIT",
      "optional": true,
      "os": [
        "freebsd"
      ],
      "engines": {
        "node": ">=18"
      }
    },
    "node_modules/@esbuild/linux-arm": {
      "version": "0.25.0",
      "resolved": "https://registry.npmjs.org/@esbuild/linux-arm/-/linux-arm-0.25.0.tgz",
      "integrity": "sha512-vkB3IYj2IDo3g9xX7HqhPYxVkNQe8qTK55fraQyTzTX/fxaDtXiEnavv9geOsonh2Fd2RMB+i5cbhu2zMNWJwg==",
      "cpu": [
        "arm"
      ],
      "license": "MIT",
      "optional": true,
      "os": [
        "linux"
      ],
      "engines": {
        "node": ">=18"
      }
    },
    "node_modules/@esbuild/linux-arm64": {
      "version": "0.25.0",
      "resolved": "https://registry.npmjs.org/@esbuild/linux-arm64/-/linux-arm64-0.25.0.tgz",
      "integrity": "sha512-9QAQjTWNDM/Vk2bgBl17yWuZxZNQIF0OUUuPZRKoDtqF2k4EtYbpyiG5/Dk7nqeK6kIJWPYldkOcBqjXjrUlmg==",
      "cpu": [
        "arm64"
      ],
      "license": "MIT",
      "optional": true,
      "os": [
        "linux"
      ],
      "engines": {
        "node": ">=18"
      }
    },
    "node_modules/@esbuild/linux-ia32": {
      "version": "0.25.0",
      "resolved": "https://registry.npmjs.org/@esbuild/linux-ia32/-/linux-ia32-0.25.0.tgz",
      "integrity": "sha512-43ET5bHbphBegyeqLb7I1eYn2P/JYGNmzzdidq/w0T8E2SsYL1U6un2NFROFRg1JZLTzdCoRomg8Rvf9M6W6Gg==",
      "cpu": [
        "ia32"
      ],
      "license": "MIT",
      "optional": true,
      "os": [
        "linux"
      ],
      "engines": {
        "node": ">=18"
      }
    },
    "node_modules/@esbuild/linux-loong64": {
      "version": "0.25.0",
      "resolved": "https://registry.npmjs.org/@esbuild/linux-loong64/-/linux-loong64-0.25.0.tgz",
      "integrity": "sha512-fC95c/xyNFueMhClxJmeRIj2yrSMdDfmqJnyOY4ZqsALkDrrKJfIg5NTMSzVBr5YW1jf+l7/cndBfP3MSDpoHw==",
      "cpu": [
        "loong64"
      ],
      "license": "MIT",
      "optional": true,
      "os": [
        "linux"
      ],
      "engines": {
        "node": ">=18"
      }
    },
    "node_modules/@esbuild/linux-mips64el": {
      "version": "0.25.0",
      "resolved": "https://registry.npmjs.org/@esbuild/linux-mips64el/-/linux-mips64el-0.25.0.tgz",
      "integrity": "sha512-nkAMFju7KDW73T1DdH7glcyIptm95a7Le8irTQNO/qtkoyypZAnjchQgooFUDQhNAy4iu08N79W4T4pMBwhPwQ==",
      "cpu": [
        "mips64el"
      ],
      "license": "MIT",
      "optional": true,
      "os": [
        "linux"
      ],
      "engines": {
        "node": ">=18"
      }
    },
    "node_modules/@esbuild/linux-ppc64": {
      "version": "0.25.0",
      "resolved": "https://registry.npmjs.org/@esbuild/linux-ppc64/-/linux-ppc64-0.25.0.tgz",
      "integrity": "sha512-NhyOejdhRGS8Iwv+KKR2zTq2PpysF9XqY+Zk77vQHqNbo/PwZCzB5/h7VGuREZm1fixhs4Q/qWRSi5zmAiO4Fw==",
      "cpu": [
        "ppc64"
      ],
      "license": "MIT",
      "optional": true,
      "os": [
        "linux"
      ],
      "engines": {
        "node": ">=18"
      }
    },
    "node_modules/@esbuild/linux-riscv64": {
      "version": "0.25.0",
      "resolved": "https://registry.npmjs.org/@esbuild/linux-riscv64/-/linux-riscv64-0.25.0.tgz",
      "integrity": "sha512-5S/rbP5OY+GHLC5qXp1y/Mx//e92L1YDqkiBbO9TQOvuFXM+iDqUNG5XopAnXoRH3FjIUDkeGcY1cgNvnXp/kA==",
      "cpu": [
        "riscv64"
      ],
      "license": "MIT",
      "optional": true,
      "os": [
        "linux"
      ],
      "engines": {
        "node": ">=18"
      }
    },
    "node_modules/@esbuild/linux-s390x": {
      "version": "0.25.0",
      "resolved": "https://registry.npmjs.org/@esbuild/linux-s390x/-/linux-s390x-0.25.0.tgz",
      "integrity": "sha512-XM2BFsEBz0Fw37V0zU4CXfcfuACMrppsMFKdYY2WuTS3yi8O1nFOhil/xhKTmE1nPmVyvQJjJivgDT+xh8pXJA==",
      "cpu": [
        "s390x"
      ],
      "license": "MIT",
      "optional": true,
      "os": [
        "linux"
      ],
      "engines": {
        "node": ">=18"
      }
    },
    "node_modules/@esbuild/linux-x64": {
      "version": "0.25.0",
      "resolved": "https://registry.npmjs.org/@esbuild/linux-x64/-/linux-x64-0.25.0.tgz",
      "integrity": "sha512-9yl91rHw/cpwMCNytUDxwj2XjFpxML0y9HAOH9pNVQDpQrBxHy01Dx+vaMu0N1CKa/RzBD2hB4u//nfc+Sd3Cw==",
      "cpu": [
        "x64"
      ],
      "license": "MIT",
      "optional": true,
      "os": [
        "linux"
      ],
      "engines": {
        "node": ">=18"
      }
    },
    "node_modules/@esbuild/netbsd-arm64": {
      "version": "0.25.0",
      "resolved": "https://registry.npmjs.org/@esbuild/netbsd-arm64/-/netbsd-arm64-0.25.0.tgz",
      "integrity": "sha512-RuG4PSMPFfrkH6UwCAqBzauBWTygTvb1nxWasEJooGSJ/NwRw7b2HOwyRTQIU97Hq37l3npXoZGYMy3b3xYvPw==",
      "cpu": [
        "arm64"
      ],
      "license": "MIT",
      "optional": true,
      "os": [
        "netbsd"
      ],
      "engines": {
        "node": ">=18"
      }
    },
    "node_modules/@esbuild/netbsd-x64": {
      "version": "0.25.0",
      "resolved": "https://registry.npmjs.org/@esbuild/netbsd-x64/-/netbsd-x64-0.25.0.tgz",
      "integrity": "sha512-jl+qisSB5jk01N5f7sPCsBENCOlPiS/xptD5yxOx2oqQfyourJwIKLRA2yqWdifj3owQZCL2sn6o08dBzZGQzA==",
      "cpu": [
        "x64"
      ],
      "license": "MIT",
      "optional": true,
      "os": [
        "netbsd"
      ],
      "engines": {
        "node": ">=18"
      }
    },
    "node_modules/@esbuild/openbsd-arm64": {
      "version": "0.25.0",
      "resolved": "https://registry.npmjs.org/@esbuild/openbsd-arm64/-/openbsd-arm64-0.25.0.tgz",
      "integrity": "sha512-21sUNbq2r84YE+SJDfaQRvdgznTD8Xc0oc3p3iW/a1EVWeNj/SdUCbm5U0itZPQYRuRTW20fPMWMpcrciH2EJw==",
      "cpu": [
        "arm64"
      ],
      "license": "MIT",
      "optional": true,
      "os": [
        "openbsd"
      ],
      "engines": {
        "node": ">=18"
      }
    },
    "node_modules/@esbuild/openbsd-x64": {
      "version": "0.25.0",
      "resolved": "https://registry.npmjs.org/@esbuild/openbsd-x64/-/openbsd-x64-0.25.0.tgz",
      "integrity": "sha512-2gwwriSMPcCFRlPlKx3zLQhfN/2WjJ2NSlg5TKLQOJdV0mSxIcYNTMhk3H3ulL/cak+Xj0lY1Ym9ysDV1igceg==",
      "cpu": [
        "x64"
      ],
      "license": "MIT",
      "optional": true,
      "os": [
        "openbsd"
      ],
      "engines": {
        "node": ">=18"
      }
    },
    "node_modules/@esbuild/sunos-x64": {
      "version": "0.25.0",
      "resolved": "https://registry.npmjs.org/@esbuild/sunos-x64/-/sunos-x64-0.25.0.tgz",
      "integrity": "sha512-bxI7ThgLzPrPz484/S9jLlvUAHYMzy6I0XiU1ZMeAEOBcS0VePBFxh1JjTQt3Xiat5b6Oh4x7UC7IwKQKIJRIg==",
      "cpu": [
        "x64"
      ],
      "license": "MIT",
      "optional": true,
      "os": [
        "sunos"
      ],
      "engines": {
        "node": ">=18"
      }
    },
    "node_modules/@esbuild/win32-arm64": {
      "version": "0.25.0",
      "resolved": "https://registry.npmjs.org/@esbuild/win32-arm64/-/win32-arm64-0.25.0.tgz",
      "integrity": "sha512-ZUAc2YK6JW89xTbXvftxdnYy3m4iHIkDtK3CLce8wg8M2L+YZhIvO1DKpxrd0Yr59AeNNkTiic9YLf6FTtXWMw==",
      "cpu": [
        "arm64"
      ],
      "license": "MIT",
      "optional": true,
      "os": [
        "win32"
      ],
      "engines": {
        "node": ">=18"
      }
    },
    "node_modules/@esbuild/win32-ia32": {
      "version": "0.25.0",
      "resolved": "https://registry.npmjs.org/@esbuild/win32-ia32/-/win32-ia32-0.25.0.tgz",
      "integrity": "sha512-eSNxISBu8XweVEWG31/JzjkIGbGIJN/TrRoiSVZwZ6pkC6VX4Im/WV2cz559/TXLcYbcrDN8JtKgd9DJVIo8GA==",
      "cpu": [
        "ia32"
      ],
      "license": "MIT",
      "optional": true,
      "os": [
        "win32"
      ],
      "engines": {
        "node": ">=18"
      }
    },
    "node_modules/@esbuild/win32-x64": {
      "version": "0.25.0",
      "resolved": "https://registry.npmjs.org/@esbuild/win32-x64/-/win32-x64-0.25.0.tgz",
      "integrity": "sha512-ZENoHJBxA20C2zFzh6AI4fT6RraMzjYw4xKWemRTRmRVtN9c5DcH9r/f2ihEkMjOW5eGgrwCslG/+Y/3bL+DHQ==",
      "cpu": [
        "x64"
      ],
      "license": "MIT",
      "optional": true,
      "os": [
        "win32"
      ],
      "engines": {
        "node": ">=18"
      }
    },
    "node_modules/@types/prop-types": {
      "version": "15.7.11",
      "resolved": "https://registry.npmjs.org/@types/prop-types/-/prop-types-15.7.11.tgz",
      "integrity": "sha512-ga8y9v9uyeiLdpKddhxYQkxNDrfvuPrlFb0N1qnZZByvcElJaXthF1UhvCh9TLWJBEHeNtdnbysW7Y6Uq8CVng==",
      "peer": true
    },
    "node_modules/@types/react": {
      "version": "17.0.71",
      "resolved": "https://registry.npmjs.org/@types/react/-/react-17.0.71.tgz",
      "integrity": "sha512-lfqOu9mp16nmaGRrS8deS2Taqhd5Ih0o92Te5Ws6I1py4ytHBcXLqh0YIqVsViqwVI5f+haiFM6hju814BzcmA==",
      "peer": true,
      "dependencies": {
        "@types/prop-types": "*",
        "@types/scheduler": "*",
        "csstype": "^3.0.2"
      }
    },
    "node_modules/@types/scheduler": {
      "version": "0.16.8",
      "resolved": "https://registry.npmjs.org/@types/scheduler/-/scheduler-0.16.8.tgz",
      "integrity": "sha512-WZLiwShhwLRmeV6zH+GkbOFT6Z6VklCItrDioxUnv+u4Ll+8vKeFySoFyK/0ctcRpOmwAicELfmys1sDc/Rw+A==",
      "peer": true
    },
    "node_modules/algoliasearch": {
      "version": "4.10.5",
      "resolved": "https://registry.npmjs.org/algoliasearch/-/algoliasearch-4.10.5.tgz",
      "integrity": "sha512-KmH2XkiN+8FxhND4nWFbQDkIoU6g2OjfeU9kIv4Lb+EiOOs3Gpp7jvd+JnatsCisAZsnWQdjd7zVlW7I/85QvQ==",
      "dependencies": {
        "@algolia/cache-browser-local-storage": "4.10.5",
        "@algolia/cache-common": "4.10.5",
        "@algolia/cache-in-memory": "4.10.5",
        "@algolia/client-account": "4.10.5",
        "@algolia/client-analytics": "4.10.5",
        "@algolia/client-common": "4.10.5",
        "@algolia/client-personalization": "4.10.5",
        "@algolia/client-search": "4.10.5",
        "@algolia/logger-common": "4.10.5",
        "@algolia/logger-console": "4.10.5",
        "@algolia/requester-browser-xhr": "4.10.5",
        "@algolia/requester-common": "4.10.5",
        "@algolia/requester-node-http": "4.10.5",
        "@algolia/transporter": "4.10.5"
      }
    },
    "node_modules/csstype": {
      "version": "3.1.2",
      "resolved": "https://registry.npmjs.org/csstype/-/csstype-3.1.2.tgz",
      "integrity": "sha512-I7K1Uu0MBPzaFKg4nI5Q7Vs2t+3gWWW648spaF+Rg7pI9ds18Ugn+lvg4SHczUdKlHI5LWBXyqfS8+DufyBsgQ==",
      "peer": true
    },
    "node_modules/esbuild": {
      "version": "0.25.0",
      "resolved": "https://registry.npmjs.org/esbuild/-/esbuild-0.25.0.tgz",
      "integrity": "sha512-BXq5mqc8ltbaN34cDqWuYKyNhX8D/Z0J1xdtdQ8UcIIIyJyz+ZMKUt58tF3SrZ85jcfN/PZYhjR5uDQAYNVbuw==",
      "hasInstallScript": true,
      "license": "MIT",
      "bin": {
        "esbuild": "bin/esbuild"
      },
      "engines": {
        "node": ">=18"
      },
      "optionalDependencies": {
        "@esbuild/aix-ppc64": "0.25.0",
        "@esbuild/android-arm": "0.25.0",
        "@esbuild/android-arm64": "0.25.0",
        "@esbuild/android-x64": "0.25.0",
        "@esbuild/darwin-arm64": "0.25.0",
        "@esbuild/darwin-x64": "0.25.0",
        "@esbuild/freebsd-arm64": "0.25.0",
        "@esbuild/freebsd-x64": "0.25.0",
        "@esbuild/linux-arm": "0.25.0",
        "@esbuild/linux-arm64": "0.25.0",
        "@esbuild/linux-ia32": "0.25.0",
        "@esbuild/linux-loong64": "0.25.0",
        "@esbuild/linux-mips64el": "0.25.0",
        "@esbuild/linux-ppc64": "0.25.0",
        "@esbuild/linux-riscv64": "0.25.0",
        "@esbuild/linux-s390x": "0.25.0",
        "@esbuild/linux-x64": "0.25.0",
        "@esbuild/netbsd-arm64": "0.25.0",
        "@esbuild/netbsd-x64": "0.25.0",
        "@esbuild/openbsd-arm64": "0.25.0",
        "@esbuild/openbsd-x64": "0.25.0",
        "@esbuild/sunos-x64": "0.25.0",
        "@esbuild/win32-arm64": "0.25.0",
        "@esbuild/win32-ia32": "0.25.0",
        "@esbuild/win32-x64": "0.25.0"
      }
    },
    "node_modules/js-tokens": {
      "version": "4.0.0",
      "resolved": "https://registry.npmjs.org/js-tokens/-/js-tokens-4.0.0.tgz",
      "integrity": "sha512-RdJUflcE3cUzKiMqQgsCu06FPu9UdIJO0beYbPhHN4k6apgJtifcoCtT9bcxOpYBtpD2kCM6Sbzg4CausW/PKQ=="
    },
    "node_modules/loose-envify": {
      "version": "1.4.0",
      "resolved": "https://registry.npmjs.org/loose-envify/-/loose-envify-1.4.0.tgz",
      "integrity": "sha512-lyuxPGr/Wfhrlem2CL/UcnUc1zcqKAImBDzukY7Y5F/yQiNdko6+fRLevlw1HgMySw7f611UIY408EtxRSoK3Q==",
      "dependencies": {
        "js-tokens": "^3.0.0 || ^4.0.0"
      },
      "bin": {
        "loose-envify": "cli.js"
      }
    },
    "node_modules/object-assign": {
      "version": "4.1.1",
      "resolved": "https://registry.npmjs.org/object-assign/-/object-assign-4.1.1.tgz",
      "integrity": "sha1-IQmtx5ZYh8/AXLvUQsrIv7s2CGM=",
      "engines": {
        "node": ">=0.10.0"
      }
    },
    "node_modules/react": {
      "version": "17.0.2",
      "resolved": "https://registry.npmjs.org/react/-/react-17.0.2.tgz",
      "integrity": "sha512-gnhPt75i/dq/z3/6q/0asP78D0u592D5L1pd7M8P+dck6Fu/jJeL6iVVK23fptSUZj8Vjf++7wXA8UNclGQcbA==",
      "dependencies": {
        "loose-envify": "^1.1.0",
        "object-assign": "^4.1.1"
      },
      "engines": {
        "node": ">=0.10.0"
      }
    },
    "node_modules/react-dom": {
      "version": "17.0.2",
      "resolved": "https://registry.npmjs.org/react-dom/-/react-dom-17.0.2.tgz",
      "integrity": "sha512-s4h96KtLDUQlsENhMn1ar8t2bEa+q/YAtj8pPPdIjPDGBDIVNsrD9aXNWqspUe6AzKCIG0C1HZZLqLV7qpOBGA==",
      "dependencies": {
        "loose-envify": "^1.1.0",
        "object-assign": "^4.1.1",
        "scheduler": "^0.20.2"
      },
      "peerDependencies": {
        "react": "17.0.2"
      }
    },
    "node_modules/scheduler": {
      "version": "0.20.2",
      "resolved": "https://registry.npmjs.org/scheduler/-/scheduler-0.20.2.tgz",
      "integrity": "sha512-2eWfGgAqqWFGqtdMmcL5zCMK1U8KlXv8SQFGglL3CEtd0aDVDWgeF/YoCmvln55m5zSk3J/20hTaSBeSObsQDQ==",
      "dependencies": {
        "loose-envify": "^1.1.0",
        "object-assign": "^4.1.1"
      }
    }
  },
  "dependencies": {
    "@algolia/autocomplete-core": {
      "version": "1.2.2",
      "resolved": "https://registry.npmjs.org/@algolia/autocomplete-core/-/autocomplete-core-1.2.2.tgz",
      "integrity": "sha512-JOQaURze45qVa8OOFDh+ozj2a/ObSRsVyz6Zd0aiBeej+RSTqrr1hDVpGNbbXYLW26G5ujuc9QIdH+rBHn95nw==",
      "requires": {
        "@algolia/autocomplete-shared": "1.2.2"
      }
    },
    "@algolia/autocomplete-preset-algolia": {
      "version": "1.2.2",
      "resolved": "https://registry.npmjs.org/@algolia/autocomplete-preset-algolia/-/autocomplete-preset-algolia-1.2.2.tgz",
      "integrity": "sha512-AZkh+bAMaJDzMZTelFOXJTJqkp5VPGH8W3n0B+Ggce7DdozlMRsDLguKTCQAkZ0dJ1EbBPyFL5ztL/JImB137Q==",
      "requires": {
        "@algolia/autocomplete-shared": "1.2.2"
      }
    },
    "@algolia/autocomplete-shared": {
      "version": "1.2.2",
      "resolved": "https://registry.npmjs.org/@algolia/autocomplete-shared/-/autocomplete-shared-1.2.2.tgz",
      "integrity": "sha512-mLTl7d2C1xVVazHt/bqh9EE/u2lbp5YOxLDdcjILXmUqOs5HH1D4SuySblXaQG1uf28FhTqMGp35qE5wJQnqAw=="
    },
    "@algolia/cache-browser-local-storage": {
      "version": "4.10.5",
      "resolved": "https://registry.npmjs.org/@algolia/cache-browser-local-storage/-/cache-browser-local-storage-4.10.5.tgz",
      "integrity": "sha512-cfX2rEKOtuuljcGI5DMDHClwZHdDqd2nT2Ohsc8aHtBiz6bUxKVyIqxr2gaC6tU8AgPtrTVBzcxCA+UavXpKww==",
      "requires": {
        "@algolia/cache-common": "4.10.5"
      }
    },
    "@algolia/cache-common": {
      "version": "4.10.5",
      "resolved": "https://registry.npmjs.org/@algolia/cache-common/-/cache-common-4.10.5.tgz",
      "integrity": "sha512-1mClwdmTHll+OnHkG+yeRoFM17kSxDs4qXkjf6rNZhoZGXDvfYLy3YcZ1FX4Kyz0DJv8aroq5RYGBDsWkHj6Tw=="
    },
    "@algolia/cache-in-memory": {
      "version": "4.10.5",
      "resolved": "https://registry.npmjs.org/@algolia/cache-in-memory/-/cache-in-memory-4.10.5.tgz",
      "integrity": "sha512-+ciQnfIGi5wjMk02XhEY8fmy2pzy+oY1nIIfu8LBOglaSipCRAtjk6WhHc7/KIbXPiYzIwuDbM2K1+YOwSGjwA==",
      "requires": {
        "@algolia/cache-common": "4.10.5"
      }
    },
    "@algolia/client-account": {
      "version": "4.10.5",
      "resolved": "https://registry.npmjs.org/@algolia/client-account/-/client-account-4.10.5.tgz",
      "integrity": "sha512-I9UkSS2glXm7RBZYZIALjBMmXSQbw/fI/djPcBHxiwXIheNIlqIFl2SNPkvihpPF979BSkzjqdJNRPhE1vku3Q==",
      "requires": {
        "@algolia/client-common": "4.10.5",
        "@algolia/client-search": "4.10.5",
        "@algolia/transporter": "4.10.5"
      }
    },
    "@algolia/client-analytics": {
      "version": "4.10.5",
      "resolved": "https://registry.npmjs.org/@algolia/client-analytics/-/client-analytics-4.10.5.tgz",
      "integrity": "sha512-h2owwJSkovPxzc+xIsjY1pMl0gj+jdVwP9rcnGjlaTY2fqHbSLrR9yvGyyr6305LvTppxsQnfAbRdE/5Z3eFxw==",
      "requires": {
        "@algolia/client-common": "4.10.5",
        "@algolia/client-search": "4.10.5",
        "@algolia/requester-common": "4.10.5",
        "@algolia/transporter": "4.10.5"
      }
    },
    "@algolia/client-common": {
      "version": "4.10.5",
      "resolved": "https://registry.npmjs.org/@algolia/client-common/-/client-common-4.10.5.tgz",
      "integrity": "sha512-21FAvIai5qm8DVmZHm2Gp4LssQ/a0nWwMchAx+1hIRj1TX7OcdW6oZDPyZ8asQdvTtK7rStQrRnD8a95SCUnzA==",
      "requires": {
        "@algolia/requester-common": "4.10.5",
        "@algolia/transporter": "4.10.5"
      }
    },
    "@algolia/client-personalization": {
      "version": "4.10.5",
      "resolved": "https://registry.npmjs.org/@algolia/client-personalization/-/client-personalization-4.10.5.tgz",
      "integrity": "sha512-nH+IyFKBi8tCyzGOanJTbXC5t4dspSovX3+ABfmwKWUYllYzmiQNFUadpb3qo+MLA3jFx5IwBesjneN6dD5o3w==",
      "requires": {
        "@algolia/client-common": "4.10.5",
        "@algolia/requester-common": "4.10.5",
        "@algolia/transporter": "4.10.5"
      }
    },
    "@algolia/client-search": {
      "version": "4.10.5",
      "resolved": "https://registry.npmjs.org/@algolia/client-search/-/client-search-4.10.5.tgz",
      "integrity": "sha512-1eQFMz9uodrc5OM+9HeT+hHcfR1E1AsgFWXwyJ9Q3xejA2c1c4eObGgOgC9ZoshuHHdptaTN1m3rexqAxXRDBg==",
      "requires": {
        "@algolia/client-common": "4.10.5",
        "@algolia/requester-common": "4.10.5",
        "@algolia/transporter": "4.10.5"
      }
    },
    "@algolia/logger-common": {
      "version": "4.10.5",
      "resolved": "https://registry.npmjs.org/@algolia/logger-common/-/logger-common-4.10.5.tgz",
      "integrity": "sha512-gRJo9zt1UYP4k3woEmZm4iuEBIQd/FrArIsjzsL/b+ihNoOqIxZKTSuGFU4UUZOEhvmxDReiA4gzvQXG+TMTmA=="
    },
    "@algolia/logger-console": {
      "version": "4.10.5",
      "resolved": "https://registry.npmjs.org/@algolia/logger-console/-/logger-console-4.10.5.tgz",
      "integrity": "sha512-4WfIbn4253EDU12u9UiYvz+QTvAXDv39mKNg9xSoMCjKE5szcQxfcSczw2byc6pYhahOJ9PmxPBfs1doqsdTKQ==",
      "requires": {
        "@algolia/logger-common": "4.10.5"
      }
    },
    "@algolia/requester-browser-xhr": {
      "version": "4.10.5",
      "resolved": "https://registry.npmjs.org/@algolia/requester-browser-xhr/-/requester-browser-xhr-4.10.5.tgz",
      "integrity": "sha512-53/MURQEqtK+bGdfq4ITSPwTh5hnADU99qzvpAINGQveUFNSFGERipJxHjTJjIrjFz3vxj5kKwjtxDnU6ygO9g==",
      "requires": {
        "@algolia/requester-common": "4.10.5"
      }
    },
    "@algolia/requester-common": {
      "version": "4.10.5",
      "resolved": "https://registry.npmjs.org/@algolia/requester-common/-/requester-common-4.10.5.tgz",
      "integrity": "sha512-UkVa1Oyuj6NPiAEt5ZvrbVopEv1m/mKqjs40KLB+dvfZnNcj+9Fry4Oxnt15HMy/HLORXsx4UwcthAvBuOXE9Q=="
    },
    "@algolia/requester-node-http": {
      "version": "4.10.5",
      "resolved": "https://registry.npmjs.org/@algolia/requester-node-http/-/requester-node-http-4.10.5.tgz",
      "integrity": "sha512-aNEKVKXL4fiiC+bS7yJwAHdxln81ieBwY3tsMCtM4zF9f5KwCzY2OtN4WKEZa5AAADVcghSAUdyjs4AcGUlO5w==",
      "requires": {
        "@algolia/requester-common": "4.10.5"
      }
    },
    "@algolia/transporter": {
      "version": "4.10.5",
      "resolved": "https://registry.npmjs.org/@algolia/transporter/-/transporter-4.10.5.tgz",
      "integrity": "sha512-F8DLkmIlvCoMwSCZA3FKHtmdjH3o5clbt0pi2ktFStVNpC6ZDmY307HcK619bKP5xW6h8sVJhcvrLB775D2cyA==",
      "requires": {
        "@algolia/cache-common": "4.10.5",
        "@algolia/logger-common": "4.10.5",
        "@algolia/requester-common": "4.10.5"
      }
    },
    "@docsearch/css": {
      "version": "3.0.0-alpha.40",
      "resolved": "https://registry.npmjs.org/@docsearch/css/-/css-3.0.0-alpha.40.tgz",
      "integrity": "sha512-PrOTPgJMl+Iji1zOH0+J0PEDMriJ1teGxbgll7o4h8JrvJW6sJGqQw7/bLW7enWiFaxbJMK76w1yyPNLFHV7Qg=="
    },
    "@docsearch/react": {
      "version": "3.0.0-alpha.40",
      "resolved": "https://registry.npmjs.org/@docsearch/react/-/react-3.0.0-alpha.40.tgz",
      "integrity": "sha512-aKxnu7sgpP1R7jtgOV/pZdJEHXx6Ts+jnS9U/ejSUS2BMUpwQI5SA3oLs1BA5TA9kIViJ5E+rrjh0VsbcsJ6sQ==",
      "requires": {
        "@algolia/autocomplete-core": "1.2.2",
        "@algolia/autocomplete-preset-algolia": "1.2.2",
        "@docsearch/css": "3.0.0-alpha.40",
        "algoliasearch": "^4.0.0"
      }
    },
    "@esbuild/aix-ppc64": {
      "version": "0.25.0",
      "resolved": "https://registry.npmjs.org/@esbuild/aix-ppc64/-/aix-ppc64-0.25.0.tgz",
      "integrity": "sha512-O7vun9Sf8DFjH2UtqK8Ku3LkquL9SZL8OLY1T5NZkA34+wG3OQF7cl4Ql8vdNzM6fzBbYfLaiRLIOZ+2FOCgBQ==",
      "optional": true
    },
    "@esbuild/android-arm": {
      "version": "0.25.0",
      "resolved": "https://registry.npmjs.org/@esbuild/android-arm/-/android-arm-0.25.0.tgz",
      "integrity": "sha512-PTyWCYYiU0+1eJKmw21lWtC+d08JDZPQ5g+kFyxP0V+es6VPPSUhM6zk8iImp2jbV6GwjX4pap0JFbUQN65X1g==",
      "optional": true
    },
    "@esbuild/android-arm64": {
      "version": "0.25.0",
      "resolved": "https://registry.npmjs.org/@esbuild/android-arm64/-/android-arm64-0.25.0.tgz",
      "integrity": "sha512-grvv8WncGjDSyUBjN9yHXNt+cq0snxXbDxy5pJtzMKGmmpPxeAmAhWxXI+01lU5rwZomDgD3kJwulEnhTRUd6g==",
      "optional": true
    },
    "@esbuild/android-x64": {
      "version": "0.25.0",
      "resolved": "https://registry.npmjs.org/@esbuild/android-x64/-/android-x64-0.25.0.tgz",
      "integrity": "sha512-m/ix7SfKG5buCnxasr52+LI78SQ+wgdENi9CqyCXwjVR2X4Jkz+BpC3le3AoBPYTC9NHklwngVXvbJ9/Akhrfg==",
      "optional": true
    },
    "@esbuild/darwin-arm64": {
      "version": "0.25.0",
      "resolved": "https://registry.npmjs.org/@esbuild/darwin-arm64/-/darwin-arm64-0.25.0.tgz",
      "integrity": "sha512-mVwdUb5SRkPayVadIOI78K7aAnPamoeFR2bT5nszFUZ9P8UpK4ratOdYbZZXYSqPKMHfS1wdHCJk1P1EZpRdvw==",
      "optional": true
    },
    "@esbuild/darwin-x64": {
      "version": "0.25.0",
      "resolved": "https://registry.npmjs.org/@esbuild/darwin-x64/-/darwin-x64-0.25.0.tgz",
      "integrity": "sha512-DgDaYsPWFTS4S3nWpFcMn/33ZZwAAeAFKNHNa1QN0rI4pUjgqf0f7ONmXf6d22tqTY+H9FNdgeaAa+YIFUn2Rg==",
      "optional": true
    },
    "@esbuild/freebsd-arm64": {
      "version": "0.25.0",
      "resolved": "https://registry.npmjs.org/@esbuild/freebsd-arm64/-/freebsd-arm64-0.25.0.tgz",
      "integrity": "sha512-VN4ocxy6dxefN1MepBx/iD1dH5K8qNtNe227I0mnTRjry8tj5MRk4zprLEdG8WPyAPb93/e4pSgi1SoHdgOa4w==",
      "optional": true
    },
    "@esbuild/freebsd-x64": {
      "version": "0.25.0",
      "resolved": "https://registry.npmjs.org/@esbuild/freebsd-x64/-/freebsd-x64-0.25.0.tgz",
      "integrity": "sha512-mrSgt7lCh07FY+hDD1TxiTyIHyttn6vnjesnPoVDNmDfOmggTLXRv8Id5fNZey1gl/V2dyVK1VXXqVsQIiAk+A==",
      "optional": true
    },
    "@esbuild/linux-arm": {
      "version": "0.25.0",
      "resolved": "https://registry.npmjs.org/@esbuild/linux-arm/-/linux-arm-0.25.0.tgz",
      "integrity": "sha512-vkB3IYj2IDo3g9xX7HqhPYxVkNQe8qTK55fraQyTzTX/fxaDtXiEnavv9geOsonh2Fd2RMB+i5cbhu2zMNWJwg==",
      "optional": true
    },
    "@esbuild/linux-arm64": {
      "version": "0.25.0",
      "resolved": "https://registry.npmjs.org/@esbuild/linux-arm64/-/linux-arm64-0.25.0.tgz",
      "integrity": "sha512-9QAQjTWNDM/Vk2bgBl17yWuZxZNQIF0OUUuPZRKoDtqF2k4EtYbpyiG5/Dk7nqeK6kIJWPYldkOcBqjXjrUlmg==",
      "optional": true
    },
    "@esbuild/linux-ia32": {
      "version": "0.25.0",
      "resolved": "https://registry.npmjs.org/@esbuild/linux-ia32/-/linux-ia32-0.25.0.tgz",
      "integrity": "sha512-43ET5bHbphBegyeqLb7I1eYn2P/JYGNmzzdidq/w0T8E2SsYL1U6un2NFROFRg1JZLTzdCoRomg8Rvf9M6W6Gg==",
      "optional": true
    },
    "@esbuild/linux-loong64": {
      "version": "0.25.0",
      "resolved": "https://registry.npmjs.org/@esbuild/linux-loong64/-/linux-loong64-0.25.0.tgz",
      "integrity": "sha512-fC95c/xyNFueMhClxJmeRIj2yrSMdDfmqJnyOY4ZqsALkDrrKJfIg5NTMSzVBr5YW1jf+l7/cndBfP3MSDpoHw==",
      "optional": true
    },
    "@esbuild/linux-mips64el": {
      "version": "0.25.0",
      "resolved": "https://registry.npmjs.org/@esbuild/linux-mips64el/-/linux-mips64el-0.25.0.tgz",
      "integrity": "sha512-nkAMFju7KDW73T1DdH7glcyIptm95a7Le8irTQNO/qtkoyypZAnjchQgooFUDQhNAy4iu08N79W4T4pMBwhPwQ==",
      "optional": true
    },
    "@esbuild/linux-ppc64": {
      "version": "0.25.0",
      "resolved": "https://registry.npmjs.org/@esbuild/linux-ppc64/-/linux-ppc64-0.25.0.tgz",
      "integrity": "sha512-NhyOejdhRGS8Iwv+KKR2zTq2PpysF9XqY+Zk77vQHqNbo/PwZCzB5/h7VGuREZm1fixhs4Q/qWRSi5zmAiO4Fw==",
      "optional": true
    },
    "@esbuild/linux-riscv64": {
      "version": "0.25.0",
      "resolved": "https://registry.npmjs.org/@esbuild/linux-riscv64/-/linux-riscv64-0.25.0.tgz",
      "integrity": "sha512-5S/rbP5OY+GHLC5qXp1y/Mx//e92L1YDqkiBbO9TQOvuFXM+iDqUNG5XopAnXoRH3FjIUDkeGcY1cgNvnXp/kA==",
      "optional": true
    },
    "@esbuild/linux-s390x": {
      "version": "0.25.0",
      "resolved": "https://registry.npmjs.org/@esbuild/linux-s390x/-/linux-s390x-0.25.0.tgz",
      "integrity": "sha512-XM2BFsEBz0Fw37V0zU4CXfcfuACMrppsMFKdYY2WuTS3yi8O1nFOhil/xhKTmE1nPmVyvQJjJivgDT+xh8pXJA==",
      "optional": true
    },
    "@esbuild/linux-x64": {
      "version": "0.25.0",
      "resolved": "https://registry.npmjs.org/@esbuild/linux-x64/-/linux-x64-0.25.0.tgz",
      "integrity": "sha512-9yl91rHw/cpwMCNytUDxwj2XjFpxML0y9HAOH9pNVQDpQrBxHy01Dx+vaMu0N1CKa/RzBD2hB4u//nfc+Sd3Cw==",
      "optional": true
    },
    "@esbuild/netbsd-arm64": {
      "version": "0.25.0",
      "resolved": "https://registry.npmjs.org/@esbuild/netbsd-arm64/-/netbsd-arm64-0.25.0.tgz",
      "integrity": "sha512-RuG4PSMPFfrkH6UwCAqBzauBWTygTvb1nxWasEJooGSJ/NwRw7b2HOwyRTQIU97Hq37l3npXoZGYMy3b3xYvPw==",
      "optional": true
    },
    "@esbuild/netbsd-x64": {
      "version": "0.25.0",
      "resolved": "https://registry.npmjs.org/@esbuild/netbsd-x64/-/netbsd-x64-0.25.0.tgz",
      "integrity": "sha512-jl+qisSB5jk01N5f7sPCsBENCOlPiS/xptD5yxOx2oqQfyourJwIKLRA2yqWdifj3owQZCL2sn6o08dBzZGQzA==",
      "optional": true
    },
    "@esbuild/openbsd-arm64": {
      "version": "0.25.0",
      "resolved": "https://registry.npmjs.org/@esbuild/openbsd-arm64/-/openbsd-arm64-0.25.0.tgz",
      "integrity": "sha512-21sUNbq2r84YE+SJDfaQRvdgznTD8Xc0oc3p3iW/a1EVWeNj/SdUCbm5U0itZPQYRuRTW20fPMWMpcrciH2EJw==",
      "optional": true
    },
    "@esbuild/openbsd-x64": {
      "version": "0.25.0",
      "resolved": "https://registry.npmjs.org/@esbuild/openbsd-x64/-/openbsd-x64-0.25.0.tgz",
      "integrity": "sha512-2gwwriSMPcCFRlPlKx3zLQhfN/2WjJ2NSlg5TKLQOJdV0mSxIcYNTMhk3H3ulL/cak+Xj0lY1Ym9ysDV1igceg==",
      "optional": true
    },
    "@esbuild/sunos-x64": {
      "version": "0.25.0",
      "resolved": "https://registry.npmjs.org/@esbuild/sunos-x64/-/sunos-x64-0.25.0.tgz",
      "integrity": "sha512-bxI7ThgLzPrPz484/S9jLlvUAHYMzy6I0XiU1ZMeAEOBcS0VePBFxh1JjTQt3Xiat5b6Oh4x7UC7IwKQKIJRIg==",
      "optional": true
    },
    "@esbuild/win32-arm64": {
      "version": "0.25.0",
      "resolved": "https://registry.npmjs.org/@esbuild/win32-arm64/-/win32-arm64-0.25.0.tgz",
      "integrity": "sha512-ZUAc2YK6JW89xTbXvftxdnYy3m4iHIkDtK3CLce8wg8M2L+YZhIvO1DKpxrd0Yr59AeNNkTiic9YLf6FTtXWMw==",
      "optional": true
    },
    "@esbuild/win32-ia32": {
      "version": "0.25.0",
      "resolved": "https://registry.npmjs.org/@esbuild/win32-ia32/-/win32-ia32-0.25.0.tgz",
      "integrity": "sha512-eSNxISBu8XweVEWG31/JzjkIGbGIJN/TrRoiSVZwZ6pkC6VX4Im/WV2cz559/TXLcYbcrDN8JtKgd9DJVIo8GA==",
      "optional": true
    },
    "@esbuild/win32-x64": {
      "version": "0.25.0",
      "resolved": "https://registry.npmjs.org/@esbuild/win32-x64/-/win32-x64-0.25.0.tgz",
      "integrity": "sha512-ZENoHJBxA20C2zFzh6AI4fT6RraMzjYw4xKWemRTRmRVtN9c5DcH9r/f2ihEkMjOW5eGgrwCslG/+Y/3bL+DHQ==",
      "optional": true
    },
    "@types/prop-types": {
      "version": "15.7.11",
      "resolved": "https://registry.npmjs.org/@types/prop-types/-/prop-types-15.7.11.tgz",
      "integrity": "sha512-ga8y9v9uyeiLdpKddhxYQkxNDrfvuPrlFb0N1qnZZByvcElJaXthF1UhvCh9TLWJBEHeNtdnbysW7Y6Uq8CVng==",
      "peer": true
    },
    "@types/react": {
      "version": "17.0.71",
      "resolved": "https://registry.npmjs.org/@types/react/-/react-17.0.71.tgz",
      "integrity": "sha512-lfqOu9mp16nmaGRrS8deS2Taqhd5Ih0o92Te5Ws6I1py4ytHBcXLqh0YIqVsViqwVI5f+haiFM6hju814BzcmA==",
      "peer": true,
      "requires": {
        "@types/prop-types": "*",
        "@types/scheduler": "*",
        "csstype": "^3.0.2"
      }
    },
    "@types/scheduler": {
      "version": "0.16.8",
      "resolved": "https://registry.npmjs.org/@types/scheduler/-/scheduler-0.16.8.tgz",
      "integrity": "sha512-WZLiwShhwLRmeV6zH+GkbOFT6Z6VklCItrDioxUnv+u4Ll+8vKeFySoFyK/0ctcRpOmwAicELfmys1sDc/Rw+A==",
      "peer": true
    },
    "algoliasearch": {
      "version": "4.10.5",
      "resolved": "https://registry.npmjs.org/algoliasearch/-/algoliasearch-4.10.5.tgz",
      "integrity": "sha512-KmH2XkiN+8FxhND4nWFbQDkIoU6g2OjfeU9kIv4Lb+EiOOs3Gpp7jvd+JnatsCisAZsnWQdjd7zVlW7I/85QvQ==",
      "requires": {
        "@algolia/cache-browser-local-storage": "4.10.5",
        "@algolia/cache-common": "4.10.5",
        "@algolia/cache-in-memory": "4.10.5",
        "@algolia/client-account": "4.10.5",
        "@algolia/client-analytics": "4.10.5",
        "@algolia/client-common": "4.10.5",
        "@algolia/client-personalization": "4.10.5",
        "@algolia/client-search": "4.10.5",
        "@algolia/logger-common": "4.10.5",
        "@algolia/logger-console": "4.10.5",
        "@algolia/requester-browser-xhr": "4.10.5",
        "@algolia/requester-common": "4.10.5",
        "@algolia/requester-node-http": "4.10.5",
        "@algolia/transporter": "4.10.5"
      }
    },
    "csstype": {
      "version": "3.1.2",
      "resolved": "https://registry.npmjs.org/csstype/-/csstype-3.1.2.tgz",
      "integrity": "sha512-I7K1Uu0MBPzaFKg4nI5Q7Vs2t+3gWWW648spaF+Rg7pI9ds18Ugn+lvg4SHczUdKlHI5LWBXyqfS8+DufyBsgQ==",
      "peer": true
    },
    "esbuild": {
      "version": "0.25.0",
      "resolved": "https://registry.npmjs.org/esbuild/-/esbuild-0.25.0.tgz",
      "integrity": "sha512-BXq5mqc8ltbaN34cDqWuYKyNhX8D/Z0J1xdtdQ8UcIIIyJyz+ZMKUt58tF3SrZ85jcfN/PZYhjR5uDQAYNVbuw==",
      "requires": {
        "@esbuild/aix-ppc64": "0.25.0",
        "@esbuild/android-arm": "0.25.0",
        "@esbuild/android-arm64": "0.25.0",
        "@esbuild/android-x64": "0.25.0",
        "@esbuild/darwin-arm64": "0.25.0",
        "@esbuild/darwin-x64": "0.25.0",
        "@esbuild/freebsd-arm64": "0.25.0",
        "@esbuild/freebsd-x64": "0.25.0",
        "@esbuild/linux-arm": "0.25.0",
        "@esbuild/linux-arm64": "0.25.0",
        "@esbuild/linux-ia32": "0.25.0",
        "@esbuild/linux-loong64": "0.25.0",
        "@esbuild/linux-mips64el": "0.25.0",
        "@esbuild/linux-ppc64": "0.25.0",
        "@esbuild/linux-riscv64": "0.25.0",
        "@esbuild/linux-s390x": "0.25.0",
        "@esbuild/linux-x64": "0.25.0",
        "@esbuild/netbsd-arm64": "0.25.0",
        "@esbuild/netbsd-x64": "0.25.0",
        "@esbuild/openbsd-arm64": "0.25.0",
        "@esbuild/openbsd-x64": "0.25.0",
        "@esbuild/sunos-x64": "0.25.0",
        "@esbuild/win32-arm64": "0.25.0",
        "@esbuild/win32-ia32": "0.25.0",
        "@esbuild/win32-x64": "0.25.0"
      }
    },
    "js-tokens": {
      "version": "4.0.0",
      "resolved": "https://registry.npmjs.org/js-tokens/-/js-tokens-4.0.0.tgz",
      "integrity": "sha512-RdJUflcE3cUzKiMqQgsCu06FPu9UdIJO0beYbPhHN4k6apgJtifcoCtT9bcxOpYBtpD2kCM6Sbzg4CausW/PKQ=="
    },
    "loose-envify": {
      "version": "1.4.0",
      "resolved": "https://registry.npmjs.org/loose-envify/-/loose-envify-1.4.0.tgz",
      "integrity": "sha512-lyuxPGr/Wfhrlem2CL/UcnUc1zcqKAImBDzukY7Y5F/yQiNdko6+fRLevlw1HgMySw7f611UIY408EtxRSoK3Q==",
      "requires": {
        "js-tokens": "^3.0.0 || ^4.0.0"
      }
    },
    "object-assign": {
      "version": "4.1.1",
      "resolved": "https://registry.npmjs.org/object-assign/-/object-assign-4.1.1.tgz",
      "integrity": "sha1-IQmtx5ZYh8/AXLvUQsrIv7s2CGM="
    },
    "react": {
      "version": "17.0.2",
      "resolved": "https://registry.npmjs.org/react/-/react-17.0.2.tgz",
      "integrity": "sha512-gnhPt75i/dq/z3/6q/0asP78D0u592D5L1pd7M8P+dck6Fu/jJeL6iVVK23fptSUZj8Vjf++7wXA8UNclGQcbA==",
      "requires": {
        "loose-envify": "^1.1.0",
        "object-assign": "^4.1.1"
      }
    },
    "react-dom": {
      "version": "17.0.2",
      "resolved": "https://registry.npmjs.org/react-dom/-/react-dom-17.0.2.tgz",
      "integrity": "sha512-s4h96KtLDUQlsENhMn1ar8t2bEa+q/YAtj8pPPdIjPDGBDIVNsrD9aXNWqspUe6AzKCIG0C1HZZLqLV7qpOBGA==",
      "requires": {
        "loose-envify": "^1.1.0",
        "object-assign": "^4.1.1",
        "scheduler": "^0.20.2"
      }
    },
    "scheduler": {
      "version": "0.20.2",
      "resolved": "https://registry.npmjs.org/scheduler/-/scheduler-0.20.2.tgz",
      "integrity": "sha512-2eWfGgAqqWFGqtdMmcL5zCMK1U8KlXv8SQFGglL3CEtd0aDVDWgeF/YoCmvln55m5zSk3J/20hTaSBeSObsQDQ==",
      "requires": {
        "loose-envify": "^1.1.0",
        "object-assign": "^4.1.1"
      }
    }
  }
}
